// !$*UTF8*$!
{
	archiveVersion = 1;
	classes = {
	};
	objectVersion = 46;
	objects = {

/* Begin PBXBuildFile section */
		5A6201351D74CFF300D272AC /* AppDelegate.swift in Sources */ = {isa = PBXBuildFile; fileRef = 5A6201341D74CFF300D272AC /* AppDelegate.swift */; };
		5A6201371D74CFF300D272AC /* ProductList.swift in Sources */ = {isa = PBXBuildFile; fileRef = 5A6201361D74CFF300D272AC /* ProductList.swift */; };
		5A62013A1D74CFF300D272AC /* Main.storyboard in Resources */ = {isa = PBXBuildFile; fileRef = 5A6201381D74CFF300D272AC /* Main.storyboard */; };
		5A62013C1D74CFF300D272AC /* Assets.xcassets in Resources */ = {isa = PBXBuildFile; fileRef = 5A62013B1D74CFF300D272AC /* Assets.xcassets */; };
		5A62013F1D74CFF300D272AC /* LaunchScreen.storyboard in Resources */ = {isa = PBXBuildFile; fileRef = 5A62013D1D74CFF300D272AC /* LaunchScreen.storyboard */; };
		5A6201561D76229E00D272AC /* caneta.png in Resources */ = {isa = PBXBuildFile; fileRef = 5A6201481D76229E00D272AC /* caneta.png */; };
		5A6201581D76229E00D272AC /* caneta redonda.png in Resources */ = {isa = PBXBuildFile; fileRef = 5A62014A1D76229E00D272AC /* caneta redonda.png */; };
		5A6201591D76229E00D272AC /* caneta preta.png in Resources */ = {isa = PBXBuildFile; fileRef = 5A62014B1D76229E00D272AC /* caneta preta.png */; };
		5A62015A1D76229E00D272AC /* borracha.png in Resources */ = {isa = PBXBuildFile; fileRef = 5A62014C1D76229E00D272AC /* borracha.png */; };
		5A62015B1D76229E00D272AC /* borracha pequena.png in Resources */ = {isa = PBXBuildFile; fileRef = 5A62014D1D76229E00D272AC /* borracha pequena.png */; };
		5A62015C1D76229E00D272AC /* borracha branca.png in Resources */ = {isa = PBXBuildFile; fileRef = 5A62014E1D76229E00D272AC /* borracha branca.png */; };
		5A62015D1D76229E00D272AC /* borracha escolar.png in Resources */ = {isa = PBXBuildFile; fileRef = 5A62014F1D76229E00D272AC /* borracha escolar.png */; };
		5A62015E1D76229E00D272AC /* marcador verde.png in Resources */ = {isa = PBXBuildFile; fileRef = 5A6201501D76229E00D272AC /* marcador verde.png */; };
		5A62015F1D76229E00D272AC /* marcador branco.png in Resources */ = {isa = PBXBuildFile; fileRef = 5A6201511D76229E00D272AC /* marcador branco.png */; };
		5A6201601D76229E00D272AC /* marcador preto.png in Resources */ = {isa = PBXBuildFile; fileRef = 5A6201521D76229E00D272AC /* marcador preto.png */; };
		5A6201611D76229E00D272AC /* lapis preto.png in Resources */ = {isa = PBXBuildFile; fileRef = 5A6201531D76229E00D272AC /* lapis preto.png */; };
		5A6201621D76229E00D272AC /* lapis.png in Resources */ = {isa = PBXBuildFile; fileRef = 5A6201541D76229E00D272AC /* lapis.png */; };
		5A6201631D76229E00D272AC /* lapis branco.png in Resources */ = {isa = PBXBuildFile; fileRef = 5A6201551D76229E00D272AC /* lapis branco.png */; };
		5A6201661D762F9300D272AC /* Product.swift in Sources */ = {isa = PBXBuildFile; fileRef = 5A6201651D762F9300D272AC /* Product.swift */; };
		5A6201681D76339000D272AC /* caneta rosa.png in Resources */ = {isa = PBXBuildFile; fileRef = 5A6201671D76339000D272AC /* caneta rosa.png */; };
/* End PBXBuildFile section */

/* Begin PBXFileReference section */
		5A6201311D74CFF300D272AC /* TableViewAula.app */ = {isa = PBXFileReference; explicitFileType = wrapper.application; includeInIndex = 0; path = TableViewAula.app; sourceTree = BUILT_PRODUCTS_DIR; };
		5A6201341D74CFF300D272AC /* AppDelegate.swift */ = {isa = PBXFileReference; lastKnownFileType = sourcecode.swift; path = AppDelegate.swift; sourceTree = "<group>"; };
		5A6201361D74CFF300D272AC /* ProductList.swift */ = {isa = PBXFileReference; lastKnownFileType = sourcecode.swift; path = ProductList.swift; sourceTree = "<group>"; };
		5A6201391D74CFF300D272AC /* Base */ = {isa = PBXFileReference; lastKnownFileType = file.storyboard; name = Base; path = Base.lproj/Main.storyboard; sourceTree = "<group>"; };
		5A62013B1D74CFF300D272AC /* Assets.xcassets */ = {isa = PBXFileReference; lastKnownFileType = folder.assetcatalog; path = Assets.xcassets; sourceTree = "<group>"; };
		5A62013E1D74CFF300D272AC /* Base */ = {isa = PBXFileReference; lastKnownFileType = file.storyboard; name = Base; path = Base.lproj/LaunchScreen.storyboard; sourceTree = "<group>"; };
		5A6201401D74CFF300D272AC /* Info.plist */ = {isa = PBXFileReference; lastKnownFileType = text.plist.xml; path = Info.plist; sourceTree = "<group>"; };
		5A6201481D76229E00D272AC /* caneta.png */ = {isa = PBXFileReference; lastKnownFileType = image.png; name = caneta.png; path = ../../../../../Downloads/caneta.png; sourceTree = "<group>"; };
		5A62014A1D76229E00D272AC /* caneta redonda.png */ = {isa = PBXFileReference; lastKnownFileType = image.png; name = "caneta redonda.png"; path = "../../../../../Downloads/caneta redonda.png"; sourceTree = "<group>"; };
		5A62014B1D76229E00D272AC /* caneta preta.png */ = {isa = PBXFileReference; lastKnownFileType = image.png; name = "caneta preta.png"; path = "../../../../../Downloads/caneta preta.png"; sourceTree = "<group>"; };
		5A62014C1D76229E00D272AC /* borracha.png */ = {isa = PBXFileReference; lastKnownFileType = image.png; name = borracha.png; path = ../../../../../Downloads/borracha.png; sourceTree = "<group>"; };
		5A62014D1D76229E00D272AC /* borracha pequena.png */ = {isa = PBXFileReference; lastKnownFileType = image.png; name = "borracha pequena.png"; path = "../../../../../Downloads/borracha pequena.png"; sourceTree = "<group>"; };
		5A62014E1D76229E00D272AC /* borracha branca.png */ = {isa = PBXFileReference; lastKnownFileType = image.png; name = "borracha branca.png"; path = "../../../../../Downloads/borracha branca.png"; sourceTree = "<group>"; };
		5A62014F1D76229E00D272AC /* borracha escolar.png */ = {isa = PBXFileReference; lastKnownFileType = image.png; name = "borracha escolar.png"; path = "../../../../../Downloads/borracha escolar.png"; sourceTree = "<group>"; };
		5A6201501D76229E00D272AC /* marcador verde.png */ = {isa = PBXFileReference; lastKnownFileType = image.png; name = "marcador verde.png"; path = "../../../../../Downloads/marcador verde.png"; sourceTree = "<group>"; };
		5A6201511D76229E00D272AC /* marcador branco.png */ = {isa = PBXFileReference; lastKnownFileType = image.png; name = "marcador branco.png"; path = "../../../../../Downloads/marcador branco.png"; sourceTree = "<group>"; };
		5A6201521D76229E00D272AC /* marcador preto.png */ = {isa = PBXFileReference; lastKnownFileType = image.png; name = "marcador preto.png"; path = "../../../../../Downloads/marcador preto.png"; sourceTree = "<group>"; };
		5A6201531D76229E00D272AC /* lapis preto.png */ = {isa = PBXFileReference; lastKnownFileType = image.png; name = "lapis preto.png"; path = "../../../../../Downloads/lapis preto.png"; sourceTree = "<group>"; };
		5A6201541D76229E00D272AC /* lapis.png */ = {isa = PBXFileReference; lastKnownFileType = image.png; name = lapis.png; path = ../../../../../Downloads/lapis.png; sourceTree = "<group>"; };
		5A6201551D76229E00D272AC /* lapis branco.png */ = {isa = PBXFileReference; lastKnownFileType = image.png; name = "lapis branco.png"; path = "../../../../../Downloads/lapis branco.png"; sourceTree = "<group>"; };
		5A6201651D762F9300D272AC /* Product.swift */ = {isa = PBXFileReference; fileEncoding = 4; lastKnownFileType = sourcecode.swift; path = Product.swift; sourceTree = "<group>"; };
		5A6201671D76339000D272AC /* caneta rosa.png */ = {isa = PBXFileReference; lastKnownFileType = image.png; name = "caneta rosa.png"; path = "../../../../../Downloads/Downloaded/caneta rosa.png"; sourceTree = "<group>"; };
/* End PBXFileReference section */

/* Begin PBXFrameworksBuildPhase section */
		5A62012E1D74CFF300D272AC /* Frameworks */ = {
			isa = PBXFrameworksBuildPhase;
			buildActionMask = 2147483647;
			files = (
			);
			runOnlyForDeploymentPostprocessing = 0;
		};
/* End PBXFrameworksBuildPhase section */

/* Begin PBXGroup section */
		5A6201281D74CFF300D272AC = {
			isa = PBXGroup;
			children = (
				5A6201331D74CFF300D272AC /* TableViewAula */,
				5A6201321D74CFF300D272AC /* Products */,
			);
			sourceTree = "<group>";
		};
		5A6201321D74CFF300D272AC /* Products */ = {
			isa = PBXGroup;
			children = (
				5A6201311D74CFF300D272AC /* TableViewAula.app */,
			);
			name = Products;
			sourceTree = "<group>";
		};
		5A6201331D74CFF300D272AC /* TableViewAula */ = {
			isa = PBXGroup;
			children = (
				5A6201341D74CFF300D272AC /* AppDelegate.swift */,
				5A6201361D74CFF300D272AC /* ProductList.swift */,
				5A6201381D74CFF300D272AC /* Main.storyboard */,
				5A6201651D762F9300D272AC /* Product.swift */,
				5A62013B1D74CFF300D272AC /* Assets.xcassets */,
				5A62013D1D74CFF300D272AC /* LaunchScreen.storyboard */,
				5A6201401D74CFF300D272AC /* Info.plist */,
				5A6201641D7622A500D272AC /* images */,
			);
			path = TableViewAula;
			sourceTree = "<group>";
		};
		5A6201641D7622A500D272AC /* images */ = {
			isa = PBXGroup;
			children = (
				5A6201481D76229E00D272AC /* caneta.png */,
				5A62014A1D76229E00D272AC /* caneta redonda.png */,
				5A6201671D76339000D272AC /* caneta rosa.png */,
				5A62014B1D76229E00D272AC /* caneta preta.png */,
				5A62014C1D76229E00D272AC /* borracha.png */,
				5A62014D1D76229E00D272AC /* borracha pequena.png */,
				5A62014E1D76229E00D272AC /* borracha branca.png */,
				5A62014F1D76229E00D272AC /* borracha escolar.png */,
				5A6201501D76229E00D272AC /* marcador verde.png */,
				5A6201511D76229E00D272AC /* marcador branco.png */,
				5A6201521D76229E00D272AC /* marcador preto.png */,
				5A6201531D76229E00D272AC /* lapis preto.png */,
				5A6201541D76229E00D272AC /* lapis.png */,
				5A6201551D76229E00D272AC /* lapis branco.png */,
			);
			name = images;
			sourceTree = "<group>";
		};
/* End PBXGroup section */

/* Begin PBXNativeTarget section */
		5A6201301D74CFF300D272AC /* TableViewAula */ = {
			isa = PBXNativeTarget;
			buildConfigurationList = 5A6201431D74CFF300D272AC /* Build configuration list for PBXNativeTarget "TableViewAula" */;
			buildPhases = (
				5A62012D1D74CFF300D272AC /* Sources */,
				5A62012E1D74CFF300D272AC /* Frameworks */,
				5A62012F1D74CFF300D272AC /* Resources */,
			);
			buildRules = (
			);
			dependencies = (
			);
			name = TableViewAula;
			productName = TableViewAula;
			productReference = 5A6201311D74CFF300D272AC /* TableViewAula.app */;
			productType = "com.apple.product-type.application";
		};
/* End PBXNativeTarget section */

/* Begin PBXProject section */
		5A6201291D74CFF300D272AC /* Project object */ = {
			isa = PBXProject;
			attributes = {
				LastSwiftUpdateCheck = 0730;
				LastUpgradeCheck = 0730;
				ORGANIZATIONNAME = Douglas;
				TargetAttributes = {
					5A6201301D74CFF300D272AC = {
						CreatedOnToolsVersion = 7.3.1;
						DevelopmentTeam = N3GG8VLR9P;
					};
				};
			};
			buildConfigurationList = 5A62012C1D74CFF300D272AC /* Build configuration list for PBXProject "TableViewAula" */;
			compatibilityVersion = "Xcode 3.2";
			developmentRegion = English;
			hasScannedForEncodings = 0;
			knownRegions = (
				en,
				Base,
			);
			mainGroup = 5A6201281D74CFF300D272AC;
			productRefGroup = 5A6201321D74CFF300D272AC /* Products */;
			projectDirPath = "";
			projectRoot = "";
			targets = (
				5A6201301D74CFF300D272AC /* TableViewAula */,
			);
		};
/* End PBXProject section */

/* Begin PBXResourcesBuildPhase section */
		5A62012F1D74CFF300D272AC /* Resources */ = {
			isa = PBXResourcesBuildPhase;
			buildActionMask = 2147483647;
			files = (
				5A62013F1D74CFF300D272AC /* LaunchScreen.storyboard in Resources */,
				5A6201591D76229E00D272AC /* caneta preta.png in Resources */,
				5A62015B1D76229E00D272AC /* borracha pequena.png in Resources */,
				5A6201631D76229E00D272AC /* lapis branco.png in Resources */,
				5A6201561D76229E00D272AC /* caneta.png in Resources */,
				5A62015A1D76229E00D272AC /* borracha.png in Resources */,
				5A62015C1D76229E00D272AC /* borracha branca.png in Resources */,
				5A62015F1D76229E00D272AC /* marcador branco.png in Resources */,
				5A62015D1D76229E00D272AC /* borracha escolar.png in Resources */,
				5A6201611D76229E00D272AC /* lapis preto.png in Resources */,
				5A6201601D76229E00D272AC /* marcador preto.png in Resources */,
				5A6201581D76229E00D272AC /* caneta redonda.png in Resources */,
				5A6201681D76339000D272AC /* caneta rosa.png in Resources */,
				5A62013C1D74CFF300D272AC /* Assets.xcassets in Resources */,
				5A6201621D76229E00D272AC /* lapis.png in Resources */,
				5A62015E1D76229E00D272AC /* marcador verde.png in Resources */,
				5A62013A1D74CFF300D272AC /* Main.storyboard in Resources */,
			);
			runOnlyForDeploymentPostprocessing = 0;
		};
/* End PBXResourcesBuildPhase section */

/* Begin PBXSourcesBuildPhase section */
		5A62012D1D74CFF300D272AC /* Sources */ = {
			isa = PBXSourcesBuildPhase;
			buildActionMask = 2147483647;
			files = (
				5A6201371D74CFF300D272AC /* ProductList.swift in Sources */,
				5A6201351D74CFF300D272AC /* AppDelegate.swift in Sources */,
				5A6201661D762F9300D272AC /* Product.swift in Sources */,
			);
			runOnlyForDeploymentPostprocessing = 0;
		};
/* End PBXSourcesBuildPhase section */

/* Begin PBXVariantGroup section */
		5A6201381D74CFF300D272AC /* Main.storyboard */ = {
			isa = PBXVariantGroup;
			children = (
				5A6201391D74CFF300D272AC /* Base */,
			);
			name = Main.storyboard;
			sourceTree = "<group>";
		};
		5A62013D1D74CFF300D272AC /* LaunchScreen.storyboard */ = {
			isa = PBXVariantGroup;
			children = (
				5A62013E1D74CFF300D272AC /* Base */,
			);
			name = LaunchScreen.storyboard;
			sourceTree = "<group>";
		};
/* End PBXVariantGroup section */

/* Begin XCBuildConfiguration section */
		5A6201411D74CFF300D272AC /* Debug */ = {
			isa = XCBuildConfiguration;
			buildSettings = {
				ALWAYS_SEARCH_USER_PATHS = NO;
				CLANG_ANALYZER_NONNULL = YES;
				CLANG_CXX_LANGUAGE_STANDARD = "gnu++0x";
				CLANG_CXX_LIBRARY = "libc++";
				CLANG_ENABLE_MODULES = YES;
				CLANG_ENABLE_OBJC_ARC = YES;
				CLANG_WARN_BOOL_CONVERSION = YES;
				CLANG_WARN_CONSTANT_CONVERSION = YES;
				CLANG_WARN_DIRECT_OBJC_ISA_USAGE = YES_ERROR;
				CLANG_WARN_EMPTY_BODY = YES;
				CLANG_WARN_ENUM_CONVERSION = YES;
				CLANG_WARN_INT_CONVERSION = YES;
				CLANG_WARN_OBJC_ROOT_CLASS = YES_ERROR;
				CLANG_WARN_UNREACHABLE_CODE = YES;
				CLANG_WARN__DUPLICATE_METHOD_MATCH = YES;
				"CODE_SIGN_IDENTITY[sdk=iphoneos*]" = "iPhone Developer";
				COPY_PHASE_STRIP = NO;
				DEBUG_INFORMATION_FORMAT = dwarf;
				ENABLE_STRICT_OBJC_MSGSEND = YES;
				ENABLE_TESTABILITY = YES;
				GCC_C_LANGUAGE_STANDARD = gnu99;
				GCC_DYNAMIC_NO_PIC = NO;
				GCC_NO_COMMON_BLOCKS = YES;
				GCC_OPTIMIZATION_LEVEL = 0;
				GCC_PREPROCESSOR_DEFINITIONS = (
					"DEBUG=1",
					"$(inherited)",
				);
				GCC_WARN_64_TO_32_BIT_CONVERSION = YES;
				GCC_WARN_ABOUT_RETURN_TYPE = YES_ERROR;
				GCC_WARN_UNDECLARED_SELECTOR = YES;
				GCC_WARN_UNINITIALIZED_AUTOS = YES_AGGRESSIVE;
				GCC_WARN_UNUSED_FUNCTION = YES;
				GCC_WARN_UNUSED_VARIABLE = YES;
				IPHONEOS_DEPLOYMENT_TARGET = 9.3;
				MTL_ENABLE_DEBUG_INFO = YES;
				ONLY_ACTIVE_ARCH = YES;
				SDKROOT = iphoneos;
				SWIFT_OPTIMIZATION_LEVEL = "-Onone";
			};
			name = Debug;
		};
		5A6201421D74CFF300D272AC /* Release */ = {
			isa = XCBuildConfiguration;
			buildSettings = {
				ALWAYS_SEARCH_USER_PATHS = NO;
				CLANG_ANALYZER_NONNULL = YES;
				CLANG_CXX_LANGUAGE_STANDARD = "gnu++0x";
				CLANG_CXX_LIBRARY = "libc++";
				CLANG_ENABLE_MODULES = YES;
				CLANG_ENABLE_OBJC_ARC = YES;
				CLANG_WARN_BOOL_CONVERSION = YES;
				CLANG_WARN_CONSTANT_CONVERSION = YES;
				CLANG_WARN_DIRECT_OBJC_ISA_USAGE = YES_ERROR;
				CLANG_WARN_EMPTY_BODY = YES;
				CLANG_WARN_ENUM_CONVERSION = YES;
				CLANG_WARN_INT_CONVERSION = YES;
				CLANG_WARN_OBJC_ROOT_CLASS = YES_ERROR;
				CLANG_WARN_UNREACHABLE_CODE = YES;
				CLANG_WARN__DUPLICATE_METHOD_MATCH = YES;
				"CODE_SIGN_IDENTITY[sdk=iphoneos*]" = "iPhone Developer";
				COPY_PHASE_STRIP = NO;
				DEBUG_INFORMATION_FORMAT = "dwarf-with-dsym";
				ENABLE_NS_ASSERTIONS = NO;
				ENABLE_STRICT_OBJC_MSGSEND = YES;
				GCC_C_LANGUAGE_STANDARD = gnu99;
				GCC_NO_COMMON_BLOCKS = YES;
				GCC_WARN_64_TO_32_BIT_CONVERSION = YES;
				GCC_WARN_ABOUT_RETURN_TYPE = YES_ERROR;
				GCC_WARN_UNDECLARED_SELECTOR = YES;
				GCC_WARN_UNINITIALIZED_AUTOS = YES_AGGRESSIVE;
				GCC_WARN_UNUSED_FUNCTION = YES;
				GCC_WARN_UNUSED_VARIABLE = YES;
				IPHONEOS_DEPLOYMENT_TARGET = 9.3;
				MTL_ENABLE_DEBUG_INFO = NO;
				SDKROOT = iphoneos;
				VALIDATE_PRODUCT = YES;
			};
			name = Release;
		};
		5A6201441D74CFF300D272AC /* Debug */ = {
			isa = XCBuildConfiguration;
			buildSettings = {
				ASSETCATALOG_COMPILER_APPICON_NAME = AppIcon;
				CODE_SIGN_IDENTITY = "iPhone Developer";
				"CODE_SIGN_IDENTITY[sdk=iphoneos*]" = "iPhone Developer";
				INFOPLIST_FILE = TableViewAula/Info.plist;
				LD_RUNPATH_SEARCH_PATHS = "$(inherited) @executable_path/Frameworks";
				PRODUCT_BUNDLE_IDENTIFIER = douglas.TableViewAula;
				PRODUCT_NAME = "$(TARGET_NAME)";
				PROVISIONING_PROFILE = "";
			};
			name = Debug;
		};
		5A6201451D74CFF300D272AC /* Release */ = {
			isa = XCBuildConfiguration;
			buildSettings = {
				ASSETCATALOG_COMPILER_APPICON_NAME = AppIcon;
				CODE_SIGN_IDENTITY = "iPhone Developer";
				"CODE_SIGN_IDENTITY[sdk=iphoneos*]" = "iPhone Developer";
				INFOPLIST_FILE = TableViewAula/Info.plist;
				LD_RUNPATH_SEARCH_PATHS = "$(inherited) @executable_path/Frameworks";
				PRODUCT_BUNDLE_IDENTIFIER = douglas.TableViewAula;
				PRODUCT_NAME = "$(TARGET_NAME)";
				PROVISIONING_PROFILE = "";
			};
			name = Release;
		};
/* End XCBuildConfiguration section */

/* Begin XCConfigurationList section */
		5A62012C1D74CFF300D272AC /* Build configuration list for PBXProject "TableViewAula" */ = {
			isa = XCConfigurationList;
			buildConfigurations = (
				5A6201411D74CFF300D272AC /* Debug */,
				5A6201421D74CFF300D272AC /* Release */,
			);
			defaultConfigurationIsVisible = 0;
			defaultConfigurationName = Release;
		};
		5A6201431D74CFF300D272AC /* Build configuration list for PBXNativeTarget "TableViewAula" */ = {
			isa = XCConfigurationList;
			buildConfigurations = (
				5A6201441D74CFF300D272AC /* Debug */,
				5A6201451D74CFF300D272AC /* Release */,
			);
			defaultConfigurationIsVisible = 0;
		};
/* End XCConfigurationList section */
	};
	rootObject = 5A6201291D74CFF300D272AC /* Project object */;
}
